
Microsoft Visual Studio Solution File, Format Version 12.00
# Visual Studio Version 17
VisualStudioVersion = 17.9.34714.143
MinimumVisualStudioVersion = 10.0.40219.1
Project("{FAE04EC0-301F-11D3-BF4B-00C04F79EFBC}") = "Treinamento_Gabi", "Treinamento_Gabi\Treinamento_Gabi.csproj", "{D216920B-A699-4536-89F8-C6E652353298}"
EndProject
Global
	GlobalSection(SolutionConfigurationPlatforms) = preSolution
		Debug|Any CPU = Debug|Any CPU
		Release|Any CPU = Release|Any CPU
	EndGlobalSection
	GlobalSection(ProjectConfigurationPlatforms) = postSolution
		{D216920B-A699-4536-89F8-C6E652353298}.Debug|Any CPU.ActiveCfg = Debug|Any CPU
		{D216920B-A699-4536-89F8-C6E652353298}.Debug|Any CPU.Build.0 = Debug|Any CPU
		{D216920B-A699-4536-89F8-C6E652353298}.Release|Any CPU.ActiveCfg = Release|Any CPU
		{D216920B-A699-4536-89F8-C6E652353298}.Release|Any CPU.Build.0 = Release|Any CPU
	EndGlobalSection
	GlobalSection(SolutionProperties) = preSolution
		HideSolutionNode = FALSE
	EndGlobalSection
	GlobalSection(ExtensibilityGlobals) = postSolution
		SolutionGuid = {2C8DDF19-AA33-48B5-A0D2-CC038DFC08AB}
	EndGlobalSection
EndGlobal
